
Microsoft Visual Studio Solution File, Format Version 12.00
# Visual Studio Version 16
VisualStudioVersion = 16.0.31515.178
MinimumVisualStudioVersion = 10.0.40219.1
Project("{2150E333-8FDC-42A3-9474-1A3956D46DE8}") = "src", "src", "{16E02653-D238-4034-B274-39E1693FE72B}"
EndProject
Project("{2150E333-8FDC-42A3-9474-1A3956D46DE8}") = "tests", "tests", "{BAD8373D-57A8-4B2B-99E0-9DE78F083522}"
EndProject
Project("{FAE04EC0-301F-11D3-BF4B-00C04F79EFBC}") = "ConsoleMath", "src\ConsoleMath\ConsoleMath.csproj", "{951F165B-6FFD-40CF-B9E3-6850CA09C4F8}"
EndProject
Project("{FAE04EC0-301F-11D3-BF4B-00C04F79EFBC}") = "ConsoleMath.UnitTests", "ConsoleMath.UnitTests\ConsoleMath.UnitTests.csproj", "{CEFCB39F-3FAE-40EA-A7DF-42BB9986ED42}"
EndProject
Global
	GlobalSection(SolutionConfigurationPlatforms) = preSolution
		Debug|Any CPU = Debug|Any CPU
		Release|Any CPU = Release|Any CPU
	EndGlobalSection
	GlobalSection(ProjectConfigurationPlatforms) = postSolution
		{951F165B-6FFD-40CF-B9E3-6850CA09C4F8}.Debug|Any CPU.ActiveCfg = Debug|Any CPU
		{951F165B-6FFD-40CF-B9E3-6850CA09C4F8}.Debug|Any CPU.Build.0 = Debug|Any CPU
		{951F165B-6FFD-40CF-B9E3-6850CA09C4F8}.Release|Any CPU.ActiveCfg = Release|Any CPU
		{951F165B-6FFD-40CF-B9E3-6850CA09C4F8}.Release|Any CPU.Build.0 = Release|Any CPU
		{CEFCB39F-3FAE-40EA-A7DF-42BB9986ED42}.Debug|Any CPU.ActiveCfg = Debug|Any CPU
		{CEFCB39F-3FAE-40EA-A7DF-42BB9986ED42}.Debug|Any CPU.Build.0 = Debug|Any CPU
		{CEFCB39F-3FAE-40EA-A7DF-42BB9986ED42}.Release|Any CPU.ActiveCfg = Release|Any CPU
		{CEFCB39F-3FAE-40EA-A7DF-42BB9986ED42}.Release|Any CPU.Build.0 = Release|Any CPU
	EndGlobalSection
	GlobalSection(SolutionProperties) = preSolution
		HideSolutionNode = FALSE
	EndGlobalSection
	GlobalSection(NestedProjects) = preSolution
		{951F165B-6FFD-40CF-B9E3-6850CA09C4F8} = {16E02653-D238-4034-B274-39E1693FE72B}
		{CEFCB39F-3FAE-40EA-A7DF-42BB9986ED42} = {BAD8373D-57A8-4B2B-99E0-9DE78F083522}
	EndGlobalSection
	GlobalSection(ExtensibilityGlobals) = postSolution
		SolutionGuid = {D2F98798-69AA-41E5-8ADA-7D0F126171BB}
	EndGlobalSection
EndGlobal
